
Microsoft Visual Studio Solution File, Format Version 12.00
# Visual Studio Version 16
VisualStudioVersion = 16.0.30717.126
MinimumVisualStudioVersion = 10.0.40219.1
Project("{FAE04EC0-301F-11D3-BF4B-00C04F79EFBC}") = "PPE", "PPE.csproj", "{D352785F-4BEE-4525-8472-7382264B12CD}"
EndProject
Global
	GlobalSection(SolutionConfigurationPlatforms) = preSolution
		Debug|Any CPU = Debug|Any CPU
		Release|Any CPU = Release|Any CPU
	EndGlobalSection
	GlobalSection(ProjectConfigurationPlatforms) = postSolution
		{D352785F-4BEE-4525-8472-7382264B12CD}.Debug|Any CPU.ActiveCfg = Debug|Any CPU
		{D352785F-4BEE-4525-8472-7382264B12CD}.Debug|Any CPU.Build.0 = Debug|Any CPU
		{D352785F-4BEE-4525-8472-7382264B12CD}.Release|Any CPU.ActiveCfg = Release|Any CPU
		{D352785F-4BEE-4525-8472-7382264B12CD}.Release|Any CPU.Build.0 = Release|Any CPU
	EndGlobalSection
	GlobalSection(SolutionProperties) = preSolution
		HideSolutionNode = FALSE
	EndGlobalSection
	GlobalSection(ExtensibilityGlobals) = postSolution
		SolutionGuid = {747A898E-F406-4C36-BD7C-A8D3664273B7}
	EndGlobalSection
EndGlobal
