
Microsoft Visual Studio Solution File, Format Version 12.00
# Visual Studio Version 16
VisualStudioVersion = 16.0.30517.126
MinimumVisualStudioVersion = 10.0.40219.1
Project("{FAE04EC0-301F-11D3-BF4B-00C04F79EFBC}") = "PPE", "PPE.csproj", "{BB513FBC-AF7A-40DB-BC16-1A7A0D46B15C}"
EndProject
Global
	GlobalSection(SolutionConfigurationPlatforms) = preSolution
		Debug|Any CPU = Debug|Any CPU
		Release|Any CPU = Release|Any CPU
	EndGlobalSection
	GlobalSection(ProjectConfigurationPlatforms) = postSolution
		{BB513FBC-AF7A-40DB-BC16-1A7A0D46B15C}.Debug|Any CPU.ActiveCfg = Debug|Any CPU
		{BB513FBC-AF7A-40DB-BC16-1A7A0D46B15C}.Debug|Any CPU.Build.0 = Debug|Any CPU
		{BB513FBC-AF7A-40DB-BC16-1A7A0D46B15C}.Release|Any CPU.ActiveCfg = Release|Any CPU
		{BB513FBC-AF7A-40DB-BC16-1A7A0D46B15C}.Release|Any CPU.Build.0 = Release|Any CPU
	EndGlobalSection
	GlobalSection(SolutionProperties) = preSolution
		HideSolutionNode = FALSE
	EndGlobalSection
	GlobalSection(ExtensibilityGlobals) = postSolution
		SolutionGuid = {DB3689EA-FD47-47EB-84D7-0CC482B1DECC}
	EndGlobalSection
EndGlobal
